github.com/BurntSushi/toml v1.6.0 h1:dRaEfpa2VI55EwlIW72hMRHdWouJeRF7TPYhI+AUQjk=
github.com/BurntSushi/toml v1.6.0/go.mod h1:ukJfTF/6rtPPRCnwkur4qwRxa8vTRFBF0uk2lLoLwho=
github.com/Egot3/Yidhari v0.0.3 h1:+wGR7KwHi7SrGKWhAVboRCYztSf8j/eP2HQeQ7pVuQQ=
github.com/Egot3/Yidhari v0.0.3/go.mod h1:WC4TUEHF2Ulawm3QbGJcAb2M1Lu7JnauerObDY9BD/M=
github.com/Egot3/Zhao v0.0.0-20260218194250-9b29616e7110 h1:X+pnIiHW8z49qANn1ZPZk/sxZrarPskIop2XEFKNmpo=
github.com/Egot3/Zhao v0.0.0-20260218194250-9b29616e7110/go.mod h1:jwG9Y9r14i88XghNNe+BOgvONXCH6H8QN+N928W0Rd8=
github.com/Egot3/Zhao v0.0.0-20260220135309-1fef0e629a43 h1:2sJY+KrAI01opAB0c+evLbiPBr0jLF+xK03IDVF+qTI=
github.com/Egot3/Zhao v0.0.0-20260220135309-1fef0e629a43/go.mod h1:jwG9Y9r14i88XghNNe+BOgvONXCH6H8QN+N928W0Rd8=
github.com/Egot3/Zhao v0.0.0-20260220141725-a8c3036f3039 h1:bwihaV6gfpckWadMJK51kNkC/c1i7vIFibUv3tC7EWw=
github.com/Egot3/Zhao v0.0.0-20260220141725-a8c3036f3039/go.mod h1:jwG9Y9r14i88XghNNe+BOgvONXCH6H8QN+N928W0Rd8=
github.com/Egot3/Zhao v0.0.0-20260220180946-cc1edaa4f94a h1:vy8vdUHj2xXbok5P3dYuUZQBWW1DAes0l/AS1Jo+Ln8=
github.com/Egot3/Zhao v0.0.0-20260220180946-cc1edaa4f94a/go.mod h1:jwG9Y9r14i88XghNNe+BOgvONXCH6H8QN+N928W0Rd8=
github.com/Egot3/Zhao v0.0.0-20260221153615-57b8f3d1b935 h1:PgEcAKNs2KSMWxaV6wX1SKWlpP4UBmz//zfE6Xr1FC4=
github.com/Egot3/Zhao v0.0.0-20260221153615-57b8f3d1b935/go.mod h1:jwG9Y9r14i88XghNNe+BOgvONXCH6H8QN+N928W0Rd8=
github.com/Egot3/Zhao v0.0.0-20260221203440-8bf3d344122d h1:kl7OjIq2Mhj5k9jCNlBX95mfRCngSy1CU1ZvCnQhY24=
github.com/Egot3/Zhao v0.0.0-20260221203440-8bf3d344122d/go.mod h1:jwG9Y9r14i88XghNNe+BOgvONXCH6H8QN+N928W0Rd8=
github.com/Egot3/Zhao v0.0.2 h1:QUh7V3gSjX7DX26eKjW79TBzDX3u1dAB4OuUboO8050=
github.com/Egot3/Zhao v0.0.2/go.mod h1:sENIrevc8Vix0mP2+zwkk/rUiYKOtX6PImFEj4fptpw=
github.com/fsnotify/fsnotify v1.9.0 h1:2Ml+OJNzbYCTzsxtv8vKSFD9PbJjmhYF14k/jKC7S9k=
github.com/fsnotify/fsnotify v1.9.0/go.mod h1:8jBTzvmWwFyi3Pb8djgCCO5IBqzKJ/Jwo8TRcHyHii0=
github.com/rabbitmq/amqp091-go v1.10.0 h1:STpn5XsHlHGcecLmMFCtg7mqq0RnD+zFr4uzukfVhBw=
github.com/rabbitmq/amqp091-go v1.10.0/go.mod h1:Hy4jKW5kQART1u+JkDTF9YYOQUHXqMuhrgxOEeS7G4o=
go.uber.org/goleak v1.3.0 h1:2K3zAYmnTNqV73imy9J1T3WC+gmCePx2hEGkimedGto=
go.uber.org/goleak v1.3.0/go.mod h1:CoHD4mav9JJNrW/WLlf7HGZPjdw8EucARQHekz1X6bE=
golang.org/x/net v0.48.0 h1:zyQRTTrjc33Lhh0fBgT/H3oZq9WuvRR5gPC70xpDiQU=
golang.org/x/net v0.48.0/go.mod h1:+ndRgGjkh8FGtu1w1FGbEC31if4VrNVMuKTgcAAnQRY=
golang.org/x/sys v0.39.0 h1:CvCKL8MeisomCi6qNZ+wbb0DN9E5AATixKsvNtMoMFk=
golang.org/x/sys v0.39.0/go.mod h1:OgkHotnGiDImocRcuBABYBEXf8A9a87e/uXjp9XT3ks=
golang.org/x/text v0.32.0 h1:ZD01bjUt1FQ9WJ0ClOL5vxgxOI/sVCNgX1YtKwcY0mU=
golang.org/x/text v0.32.0/go.mod h1:o/rUWzghvpD5TXrTIBuJU77MTaN0ljMWE47kxGJQ7jY=
google.golang.org/genproto/googleapis/rpc v0.0.0-20251202230838-ff82c1b0f217 h1:gRkg/vSppuSQoDjxyiGfN4Upv/h/DQmIR10ZU8dh4Ww=
google.golang.org/genproto/googleapis/rpc v0.0.0-20251202230838-ff82c1b0f217/go.mod h1:7i2o+ce6H/6BluujYR+kqX3GKH+dChPTQU19wjRPiGk=
google.golang.org/grpc v1.79.1 h1:zGhSi45ODB9/p3VAawt9a+O/MULLl9dpizzNNpq7flY=
google.golang.org/grpc v1.79.1/go.mod h1:KmT0Kjez+0dde/v2j9vzwoAScgEPx/Bw1CYChhHLrHQ=
google.golang.org/protobuf v1.36.11 h1:fV6ZwhNocDyBLK0dj+fg8ektcVegBBuEolpbTQyBNVE=
google.golang.org/protobuf v1.36.11/go.mod h1:HTf+CrKn2C3g5S8VImy6tdcUvCska2kB7j23XfzDpco=
